<?xml version="1.0" encoding="utf-8"?>
<Project ToolsVersion="4.0" xmlns="http://schemas.microsoft.com/developer/msbuild/2003">
  <ItemGroup>
    <Filter Include="Header files">
      <UniqueIdentifier>{93995380-89BD-4b04-88EB-625FBE52EBFB}</UniqueIdentifier>
      <Extensions>h;hh;hpp;hxx;h++;hm;inl;inc;ipp;xsd</Extensions>
    </Filter>
    <Filter Include="Source files">
      <UniqueIdentifier>{4FC737F1-C7A5-4376-A066-2A32D752A2FF}</UniqueIdentifier>
      <Extensions>cpp;c;cc;cxx;c++;cppm;ixx;def;odl;idl;hpj;bat;asm;asmx</Extensions>
    </Filter>
    <Filter Include="Source files\Memory">
      <UniqueIdentifier>{100cec49-92ec-46ae-89db-aa13f29d4b5e}</UniqueIdentifier>
    </Filter>
    <Filter Include="Header files\Memory">
      <UniqueIdentifier>{5653460e-05f0-4a5a-9233-1f27bb4c30a8}</UniqueIdentifier>
    </Filter>
    <Filter Include="Header files\Handle">
      <UniqueIdentifier>{96ee75ea-8e8f-4020-ad41-9a3f816c16ab}</UniqueIdentifier>
    </Filter>
    <Filter Include="Header files\Utilities">
      <UniqueIdentifier>{c1aa61bd-03b6-4c74-af3f-9765e21f2baa}</UniqueIdentifier>
    </Filter>
    <Filter Include="Source files\Utilities">
      <UniqueIdentifier>{7f4a843d-c3a3-430b-8ecf-bc0f011cab72}</UniqueIdentifier>
    </Filter>
    <Filter Include="Header files\Containers">
      <UniqueIdentifier>{e122ec27-cb63-429e-8476-7e9021aa262b}</UniqueIdentifier>
    </Filter>
    <Filter Include="Header files\Event">
      <UniqueIdentifier>{a9fefe2f-0d5e-46c4-bf53-b38a106e5f8e}</UniqueIdentifier>
    </Filter>
    <Filter Include="Header files\Delegate">
      <UniqueIdentifier>{aeb40c7b-4ec4-43d3-9836-eada42e112eb}</UniqueIdentifier>
    </Filter>
    <Filter Include="Source files\Event">
      <UniqueIdentifier>{966be746-d959-4645-8678-11066c3108d0}</UniqueIdentifier>
    </Filter>
    <Filter Include="Source files\Delegate">
      <UniqueIdentifier>{38505141-5173-4751-969e-dbcc964cddd6}</UniqueIdentifier>
    </Filter>
    <Filter Include="Header files\Logger">
      <UniqueIdentifier>{7a53f8e7-0292-423c-93e5-9db354110735}</UniqueIdentifier>
    </Filter>
  </ItemGroup>
  <ItemGroup>
    <ClInclude Include="include\Component.h">
      <Filter>Header files</Filter>
    </ClInclude>
    <ClInclude Include="include\ComponentManager.h">
      <Filter>Header files</Filter>
    </ClInclude>
    <ClInclude Include="include\Entity.h">
      <Filter>Header files</Filter>
    </ClInclude>
    <ClInclude Include="include\EntityManager.h">
      <Filter>Header files</Filter>
    </ClInclude>
    <ClInclude Include="include\IComponent.h">
      <Filter>Header files</Filter>
    </ClInclude>
    <ClInclude Include="include\IEntity.h">
      <Filter>Header files</Filter>
    </ClInclude>
    <ClInclude Include="include\Platform.h">
      <Filter>Header files</Filter>
    </ClInclude>
    <ClInclude Include="include\Memory\IAllocator.h">
      <Filter>Header files\Memory</Filter>
    </ClInclude>
    <ClInclude Include="include\Memory\PoolAllocator.h">
      <Filter>Header files\Memory</Filter>
    </ClInclude>
    <ClInclude Include="include\Memory\ChunkAllocator.h">
      <Filter>Header files\Memory</Filter>
    </ClInclude>
    <ClInclude Include="include\Memory\GlobalMemoryManager.h">
      <Filter>Header files\Memory</Filter>
    </ClInclude>
    <ClInclude Include="include\Handle\Handle.h">
      <Filter>Header files\Handle</Filter>
    </ClInclude>
    <ClInclude Include="include\Handle\HandleManager.h">
      <Filter>Header files\Handle</Filter>
    </ClInclude>
    <ClInclude Include="include\Facade.h">
      <Filter>Header files</Filter>
    </ClInclude>
    <ClInclude Include="include\Utilities\TypeIDCounter.h">
      <Filter>Header files\Utilities</Filter>
    </ClInclude>
    <ClInclude Include="include\Memory\StackAllocator.h">
      <Filter>Header files\Memory</Filter>
    </ClInclude>
    <ClInclude Include="include\Containers\EntityContainer.h">
      <Filter>Header files\Containers</Filter>
    </ClInclude>
    <ClInclude Include="include\Containers\ComponentContainer.h">
      <Filter>Header files\Containers</Filter>
    </ClInclude>
    <ClInclude Include="include\ISystem.h">
      <Filter>Header files</Filter>
    </ClInclude>
    <ClInclude Include="include\System.h">
      <Filter>Header files</Filter>
    </ClInclude>
    <ClInclude Include="include\SystemManager.h">
      <Filter>Header files</Filter>
    </ClInclude>
    <ClInclude Include="include\Memory\LinearAllocator.h">
      <Filter>Header files\Memory</Filter>
    </ClInclude>
    <ClInclude Include="include\Utilities\SystemOrderBuilder.h">
      <Filter>Header files\Utilities</Filter>
    </ClInclude>
    <ClInclude Include="include\Utilities\EngineTimer.h">
      <Filter>Header files\Utilities</Filter>
    </ClInclude>
    <ClInclude Include="include\Delegate\IClassMethod.h">
      <Filter>Header files\Delegate</Filter>
    </ClInclude>
    <ClInclude Include="include\Delegate\ClassMethod.h">
      <Filter>Header files\Delegate</Filter>
    </ClInclude>
    <ClInclude Include="include\Event\IEvent.h">
      <Filter>Header files\Event</Filter>
    </ClInclude>
    <ClInclude Include="include\Event\Event.h">
      <Filter>Header files\Event</Filter>
    </ClInclude>
    <ClInclude Include="include\Event\EventCollection.h">
      <Filter>Header files\Event</Filter>
    </ClInclude>
    <ClInclude Include="include\Event\IEventCollection.h">
      <Filter>Header files\Event</Filter>
    </ClInclude>
    <ClInclude Include="include\Event\EventQueue.h">
      <Filter>Header files\Event</Filter>
    </ClInclude>
    <ClInclude Include="include\GECSMain.h">
      <Filter>Header files</Filter>
    </ClInclude>
    <ClInclude Include="include\GECSHeaders.h">
      <Filter>Header files</Filter>
    </ClInclude>
    <ClInclude Include="include\Logger\LiteLogger.h">
      <Filter>Header files\Logger</Filter>
    </ClInclude>
  </ItemGroup>
  <ItemGroup>
    <ClCompile Include="src\Utilities\TypeIDCounter.cpp">
      <Filter>Source files\Utilities</Filter>
    </ClCompile>
    <ClCompile Include="src\Memory\PoolAllocator.cpp">
      <Filter>Source files\Memory</Filter>
    </ClCompile>
    <ClCompile Include="src\Memory\StackAllocator.cpp">
      <Filter>Source files\Memory</Filter>
    </ClCompile>
    <ClCompile Include="src\Memory\GlobalMemoryManager.cpp">
      <Filter>Source files\Memory</Filter>
    </ClCompile>
    <ClCompile Include="src\Memory\IAllocator.cpp">
      <Filter>Source files\Memory</Filter>
    </ClCompile>
    <ClCompile Include="src\Facade.cpp">
      <Filter>Source files</Filter>
    </ClCompile>
    <ClCompile Include="src\EntityManager.cpp">
      <Filter>Source files</Filter>
    </ClCompile>
    <ClCompile Include="src\ComponentManager.cpp">
      <Filter>Source files</Filter>
    </ClCompile>
    <ClCompile Include="src\ISystem.cpp">
      <Filter>Source files</Filter>
    </ClCompile>
    <ClCompile Include="src\IEntity.cpp">
      <Filter>Source files</Filter>
    </ClCompile>
    <ClCompile Include="src\IComponent.cpp">
      <Filter>Source files</Filter>
    </ClCompile>
    <ClCompile Include="src\Memory\LinearAllocator.cpp">
      <Filter>Source files\Memory</Filter>
    </ClCompile>
    <ClCompile Include="src\SystemManager.cpp">
      <Filter>Source files</Filter>
    </ClCompile>
    <ClCompile Include="src\Utilities\EngineTimer.cpp">
      <Filter>Source files\Utilities</Filter>
    </ClCompile>
    <ClCompile Include="src\Event\IEvent.cpp">
      <Filter>Source files\Event</Filter>
    </ClCompile>
    <ClCompile Include="src\Event\EventQueue.cpp">
      <Filter>Source files\Event</Filter>
    </ClCompile>
    <ClCompile Include="src\Event\IEventCollection.cpp">
      <Filter>Source files</Filter>
    </ClCompile>
    <ClCompile Include="src\Delegate\IClassMethod.cpp">
      <Filter>Source files\Delegate</Filter>
    </ClCompile>
    <ClCompile Include="src\GECSMain.cpp">
      <Filter>Source files</Filter>
    </ClCompile>
  </ItemGroup>
</Project>